
Microsoft Visual Studio Solution File, Format Version 12.00
# Visual Studio 15
VisualStudioVersion = 15.0.28307.779
MinimumVisualStudioVersion = 10.0.40219.1
Project("{2150E333-8FDC-42A3-9474-1A3956D46DE8}") = "src", "src", "{47418F67-B244-4AAE-9773-600F14BECC86}"
EndProject
Project("{2150E333-8FDC-42A3-9474-1A3956D46DE8}") = "AdminPortal", "AdminPortal", "{CD09C685-AFD3-4980-9FFD-917B5A1D2269}"
EndProject
Project("{2150E333-8FDC-42A3-9474-1A3956D46DE8}") = "ApiGateway", "ApiGateway", "{FC4A9B5B-A83A-4EC6-B230-CC02FA3CFF7F}"
EndProject
Project("{2150E333-8FDC-42A3-9474-1A3956D46DE8}") = "Services", "Services", "{0B6B2993-DF43-43F9-A9A7-C50692DC8F8A}"
EndProject
Project("{9A19103F-16F7-4668-BE54-9A1E7A4F7556}") = "Admin.UI", "src\AdminPortal\Admin.UI\Admin.UI.csproj", "{1C1D5974-4689-4310-A69C-43504C2799C2}"
EndProject
Project("{9A19103F-16F7-4668-BE54-9A1E7A4F7556}") = "ApiGateway.Api", "src\ApiGateway\ApiGateway.Api\ApiGateway.Api.csproj", "{39B6CA36-4A62-4E40-863C-4B56E7CB4BBA}"
EndProject
Project("{2150E333-8FDC-42A3-9474-1A3956D46DE8}") = "UserManager", "UserManager", "{1EEE4184-5139-4EA5-AE52-F7CFD5829797}"
EndProject
Project("{9A19103F-16F7-4668-BE54-9A1E7A4F7556}") = "UserManager.Api", "src\Services\UserManager\UserManger.Api\UserManager.Api.csproj", "{C8F6EC48-28A1-4FF4-9AA2-18133A705411}"
EndProject
Project("{2150E333-8FDC-42A3-9474-1A3956D46DE8}") = "Solution Items", "Solution Items", "{8E700F0E-F533-4595-80A7-A83DF4AB3CCA}"
	ProjectSection(SolutionItems) = preProject
		README.MD = README.MD
	EndProjectSection
EndProject
Project("{2150E333-8FDC-42A3-9474-1A3956D46DE8}") = "OpenID", "OpenID", "{A9E7D3C5-91BB-4ED7-9EDB-512E63CBF4AB}"
EndProject
Project("{9A19103F-16F7-4668-BE54-9A1E7A4F7556}") = "Auth.UI", "src\OpenID\Auth.UI\Auth.UI.csproj", "{499E8A78-97FB-42A5-BEDF-8A95A44027D0}"
EndProject
Project("{2150E333-8FDC-42A3-9474-1A3956D46DE8}") = "Analytics", "Analytics", "{ACB2BB08-9937-430E-B8D3-5D8DB3B900ED}"
EndProject
Project("{9A19103F-16F7-4668-BE54-9A1E7A4F7556}") = "HealthCheck", "src\Analytics\HealthCheck\HealthCheck.csproj", "{D9366057-017A-4F48-AA09-B7AD543892D3}"
EndProject
Project("{E53339B2-1760-4266-BCC7-CA923CBCF16C}") = "docker-compose", "docker-compose.dcproj", "{15332FE5-36CD-453F-9A05-6A16B91074EC}"
EndProject
Global
	GlobalSection(SolutionConfigurationPlatforms) = preSolution
		Debug|Any CPU = Debug|Any CPU
		Release|Any CPU = Release|Any CPU
	EndGlobalSection
	GlobalSection(ProjectConfigurationPlatforms) = postSolution
		{1C1D5974-4689-4310-A69C-43504C2799C2}.Debug|Any CPU.ActiveCfg = Debug|Any CPU
		{1C1D5974-4689-4310-A69C-43504C2799C2}.Debug|Any CPU.Build.0 = Debug|Any CPU
		{1C1D5974-4689-4310-A69C-43504C2799C2}.Release|Any CPU.ActiveCfg = Release|Any CPU
		{1C1D5974-4689-4310-A69C-43504C2799C2}.Release|Any CPU.Build.0 = Release|Any CPU
		{39B6CA36-4A62-4E40-863C-4B56E7CB4BBA}.Debug|Any CPU.ActiveCfg = Debug|Any CPU
		{39B6CA36-4A62-4E40-863C-4B56E7CB4BBA}.Debug|Any CPU.Build.0 = Debug|Any CPU
		{39B6CA36-4A62-4E40-863C-4B56E7CB4BBA}.Release|Any CPU.ActiveCfg = Release|Any CPU
		{39B6CA36-4A62-4E40-863C-4B56E7CB4BBA}.Release|Any CPU.Build.0 = Release|Any CPU
		{C8F6EC48-28A1-4FF4-9AA2-18133A705411}.Debug|Any CPU.ActiveCfg = Debug|Any CPU
		{C8F6EC48-28A1-4FF4-9AA2-18133A705411}.Debug|Any CPU.Build.0 = Debug|Any CPU
		{C8F6EC48-28A1-4FF4-9AA2-18133A705411}.Release|Any CPU.ActiveCfg = Release|Any CPU
		{C8F6EC48-28A1-4FF4-9AA2-18133A705411}.Release|Any CPU.Build.0 = Release|Any CPU
		{499E8A78-97FB-42A5-BEDF-8A95A44027D0}.Debug|Any CPU.ActiveCfg = Debug|Any CPU
		{499E8A78-97FB-42A5-BEDF-8A95A44027D0}.Debug|Any CPU.Build.0 = Debug|Any CPU
		{499E8A78-97FB-42A5-BEDF-8A95A44027D0}.Release|Any CPU.ActiveCfg = Release|Any CPU
		{499E8A78-97FB-42A5-BEDF-8A95A44027D0}.Release|Any CPU.Build.0 = Release|Any CPU
		{D9366057-017A-4F48-AA09-B7AD543892D3}.Debug|Any CPU.ActiveCfg = Debug|Any CPU
		{D9366057-017A-4F48-AA09-B7AD543892D3}.Debug|Any CPU.Build.0 = Debug|Any CPU
		{D9366057-017A-4F48-AA09-B7AD543892D3}.Release|Any CPU.ActiveCfg = Release|Any CPU
		{D9366057-017A-4F48-AA09-B7AD543892D3}.Release|Any CPU.Build.0 = Release|Any CPU
		{15332FE5-36CD-453F-9A05-6A16B91074EC}.Debug|Any CPU.ActiveCfg = Debug|Any CPU
		{15332FE5-36CD-453F-9A05-6A16B91074EC}.Debug|Any CPU.Build.0 = Debug|Any CPU
		{15332FE5-36CD-453F-9A05-6A16B91074EC}.Release|Any CPU.ActiveCfg = Release|Any CPU
		{15332FE5-36CD-453F-9A05-6A16B91074EC}.Release|Any CPU.Build.0 = Release|Any CPU
	EndGlobalSection
	GlobalSection(SolutionProperties) = preSolution
		HideSolutionNode = FALSE
	EndGlobalSection
	GlobalSection(NestedProjects) = preSolution
		{CD09C685-AFD3-4980-9FFD-917B5A1D2269} = {47418F67-B244-4AAE-9773-600F14BECC86}
		{FC4A9B5B-A83A-4EC6-B230-CC02FA3CFF7F} = {47418F67-B244-4AAE-9773-600F14BECC86}
		{0B6B2993-DF43-43F9-A9A7-C50692DC8F8A} = {47418F67-B244-4AAE-9773-600F14BECC86}
		{1C1D5974-4689-4310-A69C-43504C2799C2} = {CD09C685-AFD3-4980-9FFD-917B5A1D2269}
		{39B6CA36-4A62-4E40-863C-4B56E7CB4BBA} = {FC4A9B5B-A83A-4EC6-B230-CC02FA3CFF7F}
		{1EEE4184-5139-4EA5-AE52-F7CFD5829797} = {0B6B2993-DF43-43F9-A9A7-C50692DC8F8A}
		{C8F6EC48-28A1-4FF4-9AA2-18133A705411} = {1EEE4184-5139-4EA5-AE52-F7CFD5829797}
		{A9E7D3C5-91BB-4ED7-9EDB-512E63CBF4AB} = {47418F67-B244-4AAE-9773-600F14BECC86}
		{499E8A78-97FB-42A5-BEDF-8A95A44027D0} = {A9E7D3C5-91BB-4ED7-9EDB-512E63CBF4AB}
		{ACB2BB08-9937-430E-B8D3-5D8DB3B900ED} = {47418F67-B244-4AAE-9773-600F14BECC86}
		{D9366057-017A-4F48-AA09-B7AD543892D3} = {ACB2BB08-9937-430E-B8D3-5D8DB3B900ED}
	EndGlobalSection
	GlobalSection(ExtensibilityGlobals) = postSolution
		SolutionGuid = {A9B793E2-DE78-48CE-B805-9F6EC382C053}
	EndGlobalSection
EndGlobal
